{
  "name": "进度条-渐变颜色",
  "version": "0.0.1",
  "lockfileVersion": 1,
  "requires": true,
  "dependencies": {
    "@zxing/library": {
      "version": "0.20.0",
      "resolved": "https://registry.npmmirror.com/@zxing/library/-/library-0.20.0.tgz",
      "integrity": "sha512-6Ev6rcqVjMakZFIDvbUf0dtpPGeZMTfyxYg4HkVWioWeN7cRcnUWT3bU6sdohc82O1nPXcjq6WiGfXX2Pnit6A==",
      "requires": {
        "@zxing/text-encoding": "0.9.0",
        "ts-custom-error": "3.3.1"
      }
    },
    "@zxing/text-encoding": {
      "version": "0.9.0",
      "resolved": "https://registry.npmmirror.com/@zxing/text-encoding/-/text-encoding-0.9.0.tgz",
      "integrity": "sha512-U/4aVJ2mxI0aDNI8Uq0wEhMgY+u4CNtEb0om3+y3+niDAsoTCOB33UF0sxpzqzdqXLqmvc+vZyAt4O8pPdfkwA==",
      "optional": true
    },
    "ts-custom-error": {
      "version": "3.3.1",
      "resolved": "https://registry.npmmirror.com/ts-custom-error/-/ts-custom-error-3.3.1.tgz",
      "integrity": "sha512-5OX1tzOjxWEgsr/YEUWSuPrQ00deKLh6D7OTWcvNHm12/7QPyRh8SYpyWvA4IZv8H/+GQWQEh/kwo95Q9OVW1A=="
    }
  }
}
